
Microsoft Visual Studio Solution File, Format Version 12.00
# Visual Studio 14
VisualStudioVersion = 14.0.25420.1
MinimumVisualStudioVersion = 10.0.40219.1
Project("{8BB2217D-0F2D-49D1-97BC-3654ED321F3B}") = "LoggingExample", "src\LoggingExample\LoggingExample\LoggingExample.xproj", "{3B607F2B-45BD-4DEB-A728-EF9ADBCB674A}"
EndProject
Project("{8BB2217D-0F2D-49D1-97BC-3654ED321F3B}") = "AuthorisationExample", "src\AuthorisationExample\AuthorisationExample.xproj", "{4A6E002B-7D7D-4BE5-9513-7EF0806F3466}"
EndProject
Project("{8BB2217D-0F2D-49D1-97BC-3654ED321F3B}") = "SwashbuckleExample", "src\SwashbuckleExample\SwashbuckleExample.xproj", "{AB0984DE-28B1-4767-B6D7-724A595E5789}"
EndProject
Project("{8BB2217D-0F2D-49D1-97BC-3654ED321F3B}") = "AspNetCoreRateLimit", "src\AspNetCoreRateLimit\AspNetCoreRateLimit.xproj", "{E9557798-3499-4726-BCB7-5EB7CB4B33E7}"
EndProject
Project("{2150E333-8FDC-42A3-9474-1A3956D46DE8}") = "Solution Items", "Solution Items", "{80509057-0787-4A9F-9B42-FC783DC69F1C}"
	ProjectSection(SolutionItems) = preProject
		global.json = global.json
	EndProjectSection
EndProject
Project("{8BB2217D-0F2D-49D1-97BC-3654ED321F3B}") = "AspNetCoreRateLimit.Tests", "src\AspNetCoreRateLimit.Tests\AspNetCoreRateLimit.Tests.xproj", "{CF740C36-9F27-4780-B134-3C4CCC8C20F1}"
EndProject
Project("{8BB2217D-0F2D-49D1-97BC-3654ED321F3B}") = "SwashbuckleExample.Tests", "src\SwashbuckleExample.Tests\SwashbuckleExample.Tests.xproj", "{DEB11C57-4AEB-48D0-BB24-72A0B72D3FB6}"
EndProject
Project("{FAE04EC0-301F-11D3-BF4B-00C04F79EFBC}") = "EF6", "src\EF6\EF6.csproj", "{8198256D-07A8-4212-9A4B-E36B06A29B12}"
EndProject
Global
	GlobalSection(SolutionConfigurationPlatforms) = preSolution
		Debug|Any CPU = Debug|Any CPU
		Release|Any CPU = Release|Any CPU
	EndGlobalSection
	GlobalSection(ProjectConfigurationPlatforms) = postSolution
		{3B607F2B-45BD-4DEB-A728-EF9ADBCB674A}.Debug|Any CPU.ActiveCfg = Debug|Any CPU
		{3B607F2B-45BD-4DEB-A728-EF9ADBCB674A}.Debug|Any CPU.Build.0 = Debug|Any CPU
		{3B607F2B-45BD-4DEB-A728-EF9ADBCB674A}.Release|Any CPU.ActiveCfg = Release|Any CPU
		{3B607F2B-45BD-4DEB-A728-EF9ADBCB674A}.Release|Any CPU.Build.0 = Release|Any CPU
		{4A6E002B-7D7D-4BE5-9513-7EF0806F3466}.Debug|Any CPU.ActiveCfg = Debug|Any CPU
		{4A6E002B-7D7D-4BE5-9513-7EF0806F3466}.Debug|Any CPU.Build.0 = Debug|Any CPU
		{4A6E002B-7D7D-4BE5-9513-7EF0806F3466}.Release|Any CPU.ActiveCfg = Release|Any CPU
		{4A6E002B-7D7D-4BE5-9513-7EF0806F3466}.Release|Any CPU.Build.0 = Release|Any CPU
		{AB0984DE-28B1-4767-B6D7-724A595E5789}.Debug|Any CPU.ActiveCfg = Debug|Any CPU
		{AB0984DE-28B1-4767-B6D7-724A595E5789}.Debug|Any CPU.Build.0 = Debug|Any CPU
		{AB0984DE-28B1-4767-B6D7-724A595E5789}.Release|Any CPU.ActiveCfg = Release|Any CPU
		{AB0984DE-28B1-4767-B6D7-724A595E5789}.Release|Any CPU.Build.0 = Release|Any CPU
		{E9557798-3499-4726-BCB7-5EB7CB4B33E7}.Debug|Any CPU.ActiveCfg = Debug|Any CPU
		{E9557798-3499-4726-BCB7-5EB7CB4B33E7}.Debug|Any CPU.Build.0 = Debug|Any CPU
		{E9557798-3499-4726-BCB7-5EB7CB4B33E7}.Release|Any CPU.ActiveCfg = Release|Any CPU
		{E9557798-3499-4726-BCB7-5EB7CB4B33E7}.Release|Any CPU.Build.0 = Release|Any CPU
		{CF740C36-9F27-4780-B134-3C4CCC8C20F1}.Debug|Any CPU.ActiveCfg = Debug|Any CPU
		{CF740C36-9F27-4780-B134-3C4CCC8C20F1}.Debug|Any CPU.Build.0 = Debug|Any CPU
		{CF740C36-9F27-4780-B134-3C4CCC8C20F1}.Release|Any CPU.ActiveCfg = Release|Any CPU
		{CF740C36-9F27-4780-B134-3C4CCC8C20F1}.Release|Any CPU.Build.0 = Release|Any CPU
		{DEB11C57-4AEB-48D0-BB24-72A0B72D3FB6}.Debug|Any CPU.ActiveCfg = Debug|Any CPU
		{DEB11C57-4AEB-48D0-BB24-72A0B72D3FB6}.Debug|Any CPU.Build.0 = Debug|Any CPU
		{DEB11C57-4AEB-48D0-BB24-72A0B72D3FB6}.Release|Any CPU.ActiveCfg = Release|Any CPU
		{DEB11C57-4AEB-48D0-BB24-72A0B72D3FB6}.Release|Any CPU.Build.0 = Release|Any CPU
		{8198256D-07A8-4212-9A4B-E36B06A29B12}.Debug|Any CPU.ActiveCfg = Debug|Any CPU
		{8198256D-07A8-4212-9A4B-E36B06A29B12}.Debug|Any CPU.Build.0 = Debug|Any CPU
		{8198256D-07A8-4212-9A4B-E36B06A29B12}.Release|Any CPU.ActiveCfg = Release|Any CPU
		{8198256D-07A8-4212-9A4B-E36B06A29B12}.Release|Any CPU.Build.0 = Release|Any CPU
	EndGlobalSection
	GlobalSection(SolutionProperties) = preSolution
		HideSolutionNode = FALSE
	EndGlobalSection
EndGlobal
